dependencies:
  dernasherbrezon/sx127x:
    component_hash: 98fa3fd80e015566ff47ecb4bf5d0d096fb25958f2345e1d440adb1ce8351349
    dependencies: []
    source:
      registry_url: https://components.espressif.com/
      type: service
    version: 3.1.2
  idf:
    source:
      type: idf
    version: 5.5.0
  igrr/libnmea:
    component_hash: 25ea527f892761c4311831ecadfa0cb1a3a323501c43b4a8263639beec01ae57
    dependencies:
    - name: idf
      require: private
      version: '>=4.0'
    source:
      registry_url: https://components.espressif.com/
      type: service
    version: 0.1.1
  joltwallet/littlefs:
    component_hash: 1d8f346fe94debb00483f76d04b6648083f2d3505da811beccdbd0bd1f6c24cd
    dependencies:
    - name: idf
      require: private
      version: '>=4.3'
    source:
      registry_url: https://components.espressif.com/
      type: service
    version: 1.11.0
  k0i05/esp_bmp390:
    component_hash: 798347f51b3a1521ec30846ec9fa0fa978af77990278a510e4ee56ff392547f5
    dependencies:
    - name: idf
      require: private
      version: '>5.3.0'
    - name: k0i05/esp_type_utils
      registry_url: https://components.espressif.com
      require: private
      version: '>=0.0.1'
    source:
      registry_url: https://components.espressif.com/
      type: service
    targets:
    - esp32
    - esp32s3
    version: 1.2.5
  k0i05/esp_type_utils:
    component_hash: dfe2feb2117ee060c085ec166b56cfd9d66cef4019216bf8722e45e43a3b562f
    dependencies:
    - name: idf
      require: private
      version: '>5.3.0'
    source:
      registry_url: https://components.espressif.com
      type: service
    targets:
    - esp32
    - esp32s3
    version: 1.2.5
direct_dependencies:
- dernasherbrezon/sx127x
- idf
- igrr/libnmea
- joltwallet/littlefs
- k0i05/esp_bmp390
manifest_hash: b8faf181b4db7ea91ce8b02259d2c4033fb2dc0b93222cb27198674bbbce21c7
target: esp32
version: 2.0.0
